
Microsoft Visual Studio Solution File, Format Version 12.00
# Visual Studio 15
VisualStudioVersion = 15.0.26124.0
MinimumVisualStudioVersion = 15.0.26124.0
Project("{FAE04EC0-301F-11D3-BF4B-00C04F79EFBC}") = "Domain", "Domain\Domain.csproj", "{8BD84B5C-F9D5-4302-84B5-D722DE5B10A4}"
EndProject
Project("{FAE04EC0-301F-11D3-BF4B-00C04F79EFBC}") = "ApplicationProject", "ApplicationProject\ApplicationProject.csproj", "{AF947BDF-3C07-4589-9D4D-CC148C053CD9}"
EndProject
Project("{FAE04EC0-301F-11D3-BF4B-00C04F79EFBC}") = "API", "API\API.csproj", "{BDA2767D-C3F2-416C-BFE4-61EB6478850A}"
EndProject
Project("{FAE04EC0-301F-11D3-BF4B-00C04F79EFBC}") = "Persistence", "Persistence\Persistence.csproj", "{F7ADB45F-BF29-4CAC-A143-89BE50F8D550}"
EndProject
Global
	GlobalSection(SolutionConfigurationPlatforms) = preSolution
		Debug|Any CPU = Debug|Any CPU
		Debug|x64 = Debug|x64
		Debug|x86 = Debug|x86
		Release|Any CPU = Release|Any CPU
		Release|x64 = Release|x64
		Release|x86 = Release|x86
	EndGlobalSection
	GlobalSection(SolutionProperties) = preSolution
		HideSolutionNode = FALSE
	EndGlobalSection
	GlobalSection(ProjectConfigurationPlatforms) = postSolution
		{8BD84B5C-F9D5-4302-84B5-D722DE5B10A4}.Debug|Any CPU.ActiveCfg = Debug|Any CPU
		{8BD84B5C-F9D5-4302-84B5-D722DE5B10A4}.Debug|Any CPU.Build.0 = Debug|Any CPU
		{8BD84B5C-F9D5-4302-84B5-D722DE5B10A4}.Debug|x64.ActiveCfg = Debug|Any CPU
		{8BD84B5C-F9D5-4302-84B5-D722DE5B10A4}.Debug|x64.Build.0 = Debug|Any CPU
		{8BD84B5C-F9D5-4302-84B5-D722DE5B10A4}.Debug|x86.ActiveCfg = Debug|Any CPU
		{8BD84B5C-F9D5-4302-84B5-D722DE5B10A4}.Debug|x86.Build.0 = Debug|Any CPU
		{8BD84B5C-F9D5-4302-84B5-D722DE5B10A4}.Release|Any CPU.ActiveCfg = Release|Any CPU
		{8BD84B5C-F9D5-4302-84B5-D722DE5B10A4}.Release|Any CPU.Build.0 = Release|Any CPU
		{8BD84B5C-F9D5-4302-84B5-D722DE5B10A4}.Release|x64.ActiveCfg = Release|Any CPU
		{8BD84B5C-F9D5-4302-84B5-D722DE5B10A4}.Release|x64.Build.0 = Release|Any CPU
		{8BD84B5C-F9D5-4302-84B5-D722DE5B10A4}.Release|x86.ActiveCfg = Release|Any CPU
		{8BD84B5C-F9D5-4302-84B5-D722DE5B10A4}.Release|x86.Build.0 = Release|Any CPU
		{AF947BDF-3C07-4589-9D4D-CC148C053CD9}.Debug|Any CPU.ActiveCfg = Debug|Any CPU
		{AF947BDF-3C07-4589-9D4D-CC148C053CD9}.Debug|Any CPU.Build.0 = Debug|Any CPU
		{AF947BDF-3C07-4589-9D4D-CC148C053CD9}.Debug|x64.ActiveCfg = Debug|Any CPU
		{AF947BDF-3C07-4589-9D4D-CC148C053CD9}.Debug|x64.Build.0 = Debug|Any CPU
		{AF947BDF-3C07-4589-9D4D-CC148C053CD9}.Debug|x86.ActiveCfg = Debug|Any CPU
		{AF947BDF-3C07-4589-9D4D-CC148C053CD9}.Debug|x86.Build.0 = Debug|Any CPU
		{AF947BDF-3C07-4589-9D4D-CC148C053CD9}.Release|Any CPU.ActiveCfg = Release|Any CPU
		{AF947BDF-3C07-4589-9D4D-CC148C053CD9}.Release|Any CPU.Build.0 = Release|Any CPU
		{AF947BDF-3C07-4589-9D4D-CC148C053CD9}.Release|x64.ActiveCfg = Release|Any CPU
		{AF947BDF-3C07-4589-9D4D-CC148C053CD9}.Release|x64.Build.0 = Release|Any CPU
		{AF947BDF-3C07-4589-9D4D-CC148C053CD9}.Release|x86.ActiveCfg = Release|Any CPU
		{AF947BDF-3C07-4589-9D4D-CC148C053CD9}.Release|x86.Build.0 = Release|Any CPU
		{BDA2767D-C3F2-416C-BFE4-61EB6478850A}.Debug|Any CPU.ActiveCfg = Debug|Any CPU
		{BDA2767D-C3F2-416C-BFE4-61EB6478850A}.Debug|Any CPU.Build.0 = Debug|Any CPU
		{BDA2767D-C3F2-416C-BFE4-61EB6478850A}.Debug|x64.ActiveCfg = Debug|Any CPU
		{BDA2767D-C3F2-416C-BFE4-61EB6478850A}.Debug|x64.Build.0 = Debug|Any CPU
		{BDA2767D-C3F2-416C-BFE4-61EB6478850A}.Debug|x86.ActiveCfg = Debug|Any CPU
		{BDA2767D-C3F2-416C-BFE4-61EB6478850A}.Debug|x86.Build.0 = Debug|Any CPU
		{BDA2767D-C3F2-416C-BFE4-61EB6478850A}.Release|Any CPU.ActiveCfg = Release|Any CPU
		{BDA2767D-C3F2-416C-BFE4-61EB6478850A}.Release|Any CPU.Build.0 = Release|Any CPU
		{BDA2767D-C3F2-416C-BFE4-61EB6478850A}.Release|x64.ActiveCfg = Release|Any CPU
		{BDA2767D-C3F2-416C-BFE4-61EB6478850A}.Release|x64.Build.0 = Release|Any CPU
		{BDA2767D-C3F2-416C-BFE4-61EB6478850A}.Release|x86.ActiveCfg = Release|Any CPU
		{BDA2767D-C3F2-416C-BFE4-61EB6478850A}.Release|x86.Build.0 = Release|Any CPU
		{F7ADB45F-BF29-4CAC-A143-89BE50F8D550}.Debug|Any CPU.ActiveCfg = Debug|Any CPU
		{F7ADB45F-BF29-4CAC-A143-89BE50F8D550}.Debug|Any CPU.Build.0 = Debug|Any CPU
		{F7ADB45F-BF29-4CAC-A143-89BE50F8D550}.Debug|x64.ActiveCfg = Debug|Any CPU
		{F7ADB45F-BF29-4CAC-A143-89BE50F8D550}.Debug|x64.Build.0 = Debug|Any CPU
		{F7ADB45F-BF29-4CAC-A143-89BE50F8D550}.Debug|x86.ActiveCfg = Debug|Any CPU
		{F7ADB45F-BF29-4CAC-A143-89BE50F8D550}.Debug|x86.Build.0 = Debug|Any CPU
		{F7ADB45F-BF29-4CAC-A143-89BE50F8D550}.Release|Any CPU.ActiveCfg = Release|Any CPU
		{F7ADB45F-BF29-4CAC-A143-89BE50F8D550}.Release|Any CPU.Build.0 = Release|Any CPU
		{F7ADB45F-BF29-4CAC-A143-89BE50F8D550}.Release|x64.ActiveCfg = Release|Any CPU
		{F7ADB45F-BF29-4CAC-A143-89BE50F8D550}.Release|x64.Build.0 = Release|Any CPU
		{F7ADB45F-BF29-4CAC-A143-89BE50F8D550}.Release|x86.ActiveCfg = Release|Any CPU
		{F7ADB45F-BF29-4CAC-A143-89BE50F8D550}.Release|x86.Build.0 = Release|Any CPU
	EndGlobalSection
EndGlobal
